{
  "name": "@bats-hardened/bats-file",
  "version": "0.2.0",
  "lockfileVersion": 3,
  "requires": true,
  "packages": {
    "": {
      "name": "@bats-hardened/bats-file",
      "version": "0.2.0",
      "peerDependencies": {
        "@bats-hardened/bats-support": "0.3.1-beta06"
      }
    },
    "node_modules/@bats-hardened/bats": {
      "version": "1.14.1-alpha09npmwindows",
      "resolved": "https://registry.npmjs.org/@bats-hardened/bats/-/bats-1.14.1-alpha09npmwindows.tgz",
      "integrity": "sha512-2iiSTC+F1gDmRP4RPtZ2NiI6fshgy7cXzEQV2PQwi1jcfGrWEYvCD0i9vchX962YL9/6SDiksdCLE2Psies7TA==",
      "license": "MIT",
      "peer": true,
      "bin": {
        "bats": "bin/bats"
      }
    },
    "node_modules/@bats-hardened/bats-support": {
      "version": "0.3.1-beta06",
      "resolved": "https://registry.npmjs.org/@bats-hardened/bats-support/-/bats-support-0.3.1-beta06.tgz",
      "integrity": "sha512-IIaAnmIb9xQczsRAeoyc3orSfSdYqSHJq3s57hFHYsSnn3xnlRgiMSXyYgQ9aLdDATUyPZ9ESrLPYcawcq9ZvA==",
      "license": "0BSD",
      "peer": true,
      "peerDependencies": {
        "@bats-hardened/bats": "0.4 || ^1.14.1-alpha01"
      }
    }
  }
}
