{
  "name": "@bats-hardened/bats-file",
  "version": "0.4.1-beta04",
  "lockfileVersion": 3,
  "requires": true,
  "packages": {
    "": {
      "name": "@bats-hardened/bats-file",
      "version": "0.4.1-beta04",
      "peerDependencies": {
        "@bats-hardened/bats-support": "0.3.1-beta06"
      }
    },
    "node_modules/@bats-hardened/bats": {
      "version": "1.14.1-beta05",
      "resolved": "https://registry.npmjs.org/@bats-hardened/bats/-/bats-1.14.1-beta05.tgz",
      "integrity": "sha512-2BKvpMiK/GzSxStIzzHiudWtT94n1rmetVmPZsPFkkQBLYSYkWc28d3ASuswSKE3S6hOLkoAROLBUy7/oOFjQQ==",
      "license": "MIT",
      "peer": true,
      "bin": {
        "bats": "bin/bats"
      }
    },
    "node_modules/@bats-hardened/bats-support": {
      "version": "0.3.1-beta06",
      "resolved": "https://registry.npmjs.org/@bats-hardened/bats-support/-/bats-support-0.3.1-beta06.tgz",
      "integrity": "sha512-IIaAnmIb9xQczsRAeoyc3orSfSdYqSHJq3s57hFHYsSnn3xnlRgiMSXyYgQ9aLdDATUyPZ9ESrLPYcawcq9ZvA==",
      "license": "0BSD",
      "peer": true,
      "peerDependencies": {
        "@bats-hardened/bats": "0.4 || ^1.14.1-alpha01"
      }
    }
  }
}
